{
  "name": "frontend-full-text-search",
  "version": "1.0.0",
  "lockfileVersion": 3,
  "requires": true,
  "packages": {
    "": {
      "name": "frontend-full-text-search",
      "version": "1.0.0",
      "license": "ISC",
      "dependencies": {
        "elasticlunr": "^0.9.5"
      }
    },
    "node_modules/elasticlunr": {
      "version": "0.9.5",
      "resolved": "https://registry.npmjs.org/elasticlunr/-/elasticlunr-0.9.5.tgz",
      "integrity": "sha512-5YM9LFQgVYfuLNEoqMqVWIBuF2UNCA+xu/jz1TyryLN/wmBcQSb+GNAwvLKvEpGESwgGN8XA1nbLAt6rKlyHYQ==",
      "license": "MIT"
    }
  }
}
